
Microsoft Visual Studio Solution File, Format Version 12.00
# Visual Studio Version 16
VisualStudioVersion = 16.0.31410.357
MinimumVisualStudioVersion = 10.0.40219.1
Project("{FAE04EC0-301F-11D3-BF4B-00C04F79EFBC}") = "DealerLead.Web", "DealerLead.Web\DealerLead.Web.csproj", "{28F9BFB8-D393-457E-A7B3-332894EDA98F}"
EndProject
Project("{FAE04EC0-301F-11D3-BF4B-00C04F79EFBC}") = "DealerLead", "DealerLead\DealerLead.csproj", "{A58305C9-9B8E-451C-AF25-2D4958781BF4}"
EndProject
Global
	GlobalSection(SolutionConfigurationPlatforms) = preSolution
		Debug|Any CPU = Debug|Any CPU
		Release|Any CPU = Release|Any CPU
	EndGlobalSection
	GlobalSection(ProjectConfigurationPlatforms) = postSolution
		{28F9BFB8-D393-457E-A7B3-332894EDA98F}.Debug|Any CPU.ActiveCfg = Debug|Any CPU
		{28F9BFB8-D393-457E-A7B3-332894EDA98F}.Debug|Any CPU.Build.0 = Debug|Any CPU
		{28F9BFB8-D393-457E-A7B3-332894EDA98F}.Release|Any CPU.ActiveCfg = Release|Any CPU
		{28F9BFB8-D393-457E-A7B3-332894EDA98F}.Release|Any CPU.Build.0 = Release|Any CPU
		{A58305C9-9B8E-451C-AF25-2D4958781BF4}.Debug|Any CPU.ActiveCfg = Debug|Any CPU
		{A58305C9-9B8E-451C-AF25-2D4958781BF4}.Debug|Any CPU.Build.0 = Debug|Any CPU
		{A58305C9-9B8E-451C-AF25-2D4958781BF4}.Release|Any CPU.ActiveCfg = Release|Any CPU
		{A58305C9-9B8E-451C-AF25-2D4958781BF4}.Release|Any CPU.Build.0 = Release|Any CPU
	EndGlobalSection
	GlobalSection(SolutionProperties) = preSolution
		HideSolutionNode = FALSE
	EndGlobalSection
	GlobalSection(ExtensibilityGlobals) = postSolution
		SolutionGuid = {DD45B4FB-86C3-4136-84A5-C1038685F487}
	EndGlobalSection
EndGlobal
